
Microsoft Visual Studio Solution File, Format Version 12.00
# Visual Studio Version 17
VisualStudioVersion = 17.2.32616.157
MinimumVisualStudioVersion = 10.0.40219.1
Project("{8BC9CEB8-8B4A-11D0-8D11-00A0C91BC942}") = "1", "1\1.vcxproj", "{73211609-115F-42BA-9378-E6E9F494C300}"
EndProject
<<<<<<< HEAD
Project("{8BC9CEB8-8B4A-11D0-8D11-00A0C91BC942}") = "2", "2\2.vcxproj", "{72B0FD18-F1FD-4D1F-BF49-C0EFBBA17A3E}"
EndProject
=======
>>>>>>> 27dc382ebd050af2768b78d0a09148e154d1f697
Global
	GlobalSection(SolutionConfigurationPlatforms) = preSolution
		Debug|x64 = Debug|x64
		Debug|x86 = Debug|x86
		Release|x64 = Release|x64
		Release|x86 = Release|x86
	EndGlobalSection
	GlobalSection(ProjectConfigurationPlatforms) = postSolution
		{73211609-115F-42BA-9378-E6E9F494C300}.Debug|x64.ActiveCfg = Debug|x64
		{73211609-115F-42BA-9378-E6E9F494C300}.Debug|x64.Build.0 = Debug|x64
		{73211609-115F-42BA-9378-E6E9F494C300}.Debug|x86.ActiveCfg = Debug|Win32
		{73211609-115F-42BA-9378-E6E9F494C300}.Debug|x86.Build.0 = Debug|Win32
		{73211609-115F-42BA-9378-E6E9F494C300}.Release|x64.ActiveCfg = Release|x64
		{73211609-115F-42BA-9378-E6E9F494C300}.Release|x64.Build.0 = Release|x64
		{73211609-115F-42BA-9378-E6E9F494C300}.Release|x86.ActiveCfg = Release|Win32
		{73211609-115F-42BA-9378-E6E9F494C300}.Release|x86.Build.0 = Release|Win32
<<<<<<< HEAD
		{72B0FD18-F1FD-4D1F-BF49-C0EFBBA17A3E}.Debug|x64.ActiveCfg = Debug|x64
		{72B0FD18-F1FD-4D1F-BF49-C0EFBBA17A3E}.Debug|x64.Build.0 = Debug|x64
		{72B0FD18-F1FD-4D1F-BF49-C0EFBBA17A3E}.Debug|x86.ActiveCfg = Debug|Win32
		{72B0FD18-F1FD-4D1F-BF49-C0EFBBA17A3E}.Debug|x86.Build.0 = Debug|Win32
		{72B0FD18-F1FD-4D1F-BF49-C0EFBBA17A3E}.Release|x64.ActiveCfg = Release|x64
		{72B0FD18-F1FD-4D1F-BF49-C0EFBBA17A3E}.Release|x64.Build.0 = Release|x64
		{72B0FD18-F1FD-4D1F-BF49-C0EFBBA17A3E}.Release|x86.ActiveCfg = Release|Win32
		{72B0FD18-F1FD-4D1F-BF49-C0EFBBA17A3E}.Release|x86.Build.0 = Release|Win32
=======
>>>>>>> 27dc382ebd050af2768b78d0a09148e154d1f697
	EndGlobalSection
	GlobalSection(SolutionProperties) = preSolution
		HideSolutionNode = FALSE
	EndGlobalSection
	GlobalSection(ExtensibilityGlobals) = postSolution
		SolutionGuid = {9E695956-34FC-4F76-91D9-7F311F569379}
	EndGlobalSection
EndGlobal
